// !$*UTF8*$!
{
	archiveVersion = 1;
	classes = {
	};
	objectVersion = 46;
	objects = {

/* Begin PBXBuildFile section */
		CE6BDCD21BCCA9D4009183E8 /* ShoppingItem.m in Sources */ = {isa = PBXBuildFile; fileRef = CE6BDCD11BCCA9D4009183E8 /* ShoppingItem.m */; settings = {ASSET_TAGS = (); }; };
		CE6BDCD51BCCAE03009183E8 /* ShoppingItemCell.m in Sources */ = {isa = PBXBuildFile; fileRef = CE6BDCD41BCCAE03009183E8 /* ShoppingItemCell.m */; settings = {ASSET_TAGS = (); }; };
		CE6BDCD71BCCEF4A009183E8 /* ShoppingItemCell.xib in Resources */ = {isa = PBXBuildFile; fileRef = CE6BDCD61BCCEF4A009183E8 /* ShoppingItemCell.xib */; settings = {ASSET_TAGS = (); }; };
		CE6BDCD91BCD05B1009183E8 /* NPTableCellView.xib in Resources */ = {isa = PBXBuildFile; fileRef = CE6BDCD81BCD05B1009183E8 /* NPTableCellView.xib */; settings = {ASSET_TAGS = (); }; };
		CE7CCF231BCB905E002A0A50 /* main.m in Sources */ = {isa = PBXBuildFile; fileRef = CE7CCF221BCB905E002A0A50 /* main.m */; };
		CE7CCF261BCB905E002A0A50 /* AppDelegate.m in Sources */ = {isa = PBXBuildFile; fileRef = CE7CCF251BCB905E002A0A50 /* AppDelegate.m */; };
		CE7CCF291BCB905E002A0A50 /* ViewController.m in Sources */ = {isa = PBXBuildFile; fileRef = CE7CCF281BCB905E002A0A50 /* ViewController.m */; };
		CE7CCF2C1BCB905E002A0A50 /* Main.storyboard in Resources */ = {isa = PBXBuildFile; fileRef = CE7CCF2A1BCB905E002A0A50 /* Main.storyboard */; };
		CE7CCF2E1BCB905E002A0A50 /* Assets.xcassets in Resources */ = {isa = PBXBuildFile; fileRef = CE7CCF2D1BCB905E002A0A50 /* Assets.xcassets */; };
		CE7CCF311BCB905E002A0A50 /* LaunchScreen.storyboard in Resources */ = {isa = PBXBuildFile; fileRef = CE7CCF2F1BCB905E002A0A50 /* LaunchScreen.storyboard */; };
		CE7CCF3C1BCB905E002A0A50 /* NPTableViewTests.m in Sources */ = {isa = PBXBuildFile; fileRef = CE7CCF3B1BCB905E002A0A50 /* NPTableViewTests.m */; };
		CE7CCF471BCB905E002A0A50 /* NPTableViewUITests.m in Sources */ = {isa = PBXBuildFile; fileRef = CE7CCF461BCB905E002A0A50 /* NPTableViewUITests.m */; };
		CE7CCF571BCB90AF002A0A50 /* NPTableView.m in Sources */ = {isa = PBXBuildFile; fileRef = CE7CCF561BCB90AF002A0A50 /* NPTableView.m */; settings = {ASSET_TAGS = (); }; };
		CE7CCF5E1BCB9787002A0A50 /* NPTableCellView.m in Sources */ = {isa = PBXBuildFile; fileRef = CE7CCF5D1BCB9787002A0A50 /* NPTableCellView.m */; settings = {ASSET_TAGS = (); }; };
/* End PBXBuildFile section */

/* Begin PBXContainerItemProxy section */
		CE7CCF381BCB905E002A0A50 /* PBXContainerItemProxy */ = {
			isa = PBXContainerItemProxy;
			containerPortal = CE7CCF161BCB905E002A0A50 /* Project object */;
			proxyType = 1;
			remoteGlobalIDString = CE7CCF1D1BCB905E002A0A50;
			remoteInfo = NPTableView;
		};
		CE7CCF431BCB905E002A0A50 /* PBXContainerItemProxy */ = {
			isa = PBXContainerItemProxy;
			containerPortal = CE7CCF161BCB905E002A0A50 /* Project object */;
			proxyType = 1;
			remoteGlobalIDString = CE7CCF1D1BCB905E002A0A50;
			remoteInfo = NPTableView;
		};
/* End PBXContainerItemProxy section */

/* Begin PBXFileReference section */
		CE6BDCD01BCCA9D4009183E8 /* ShoppingItem.h */ = {isa = PBXFileReference; fileEncoding = 4; lastKnownFileType = sourcecode.c.h; path = ShoppingItem.h; sourceTree = "<group>"; };
		CE6BDCD11BCCA9D4009183E8 /* ShoppingItem.m */ = {isa = PBXFileReference; fileEncoding = 4; lastKnownFileType = sourcecode.c.objc; path = ShoppingItem.m; sourceTree = "<group>"; };
		CE6BDCD31BCCAE03009183E8 /* ShoppingItemCell.h */ = {isa = PBXFileReference; fileEncoding = 4; lastKnownFileType = sourcecode.c.h; path = ShoppingItemCell.h; sourceTree = "<group>"; };
		CE6BDCD41BCCAE03009183E8 /* ShoppingItemCell.m */ = {isa = PBXFileReference; fileEncoding = 4; lastKnownFileType = sourcecode.c.objc; path = ShoppingItemCell.m; sourceTree = "<group>"; };
		CE6BDCD61BCCEF4A009183E8 /* ShoppingItemCell.xib */ = {isa = PBXFileReference; fileEncoding = 4; lastKnownFileType = file.xib; path = ShoppingItemCell.xib; sourceTree = "<group>"; };
		CE6BDCD81BCD05B1009183E8 /* NPTableCellView.xib */ = {isa = PBXFileReference; fileEncoding = 4; lastKnownFileType = file.xib; path = NPTableCellView.xib; sourceTree = "<group>"; };
		CE7CCF1E1BCB905E002A0A50 /* NPTableView.app */ = {isa = PBXFileReference; explicitFileType = wrapper.application; includeInIndex = 0; path = NPTableView.app; sourceTree = BUILT_PRODUCTS_DIR; };
		CE7CCF221BCB905E002A0A50 /* main.m */ = {isa = PBXFileReference; lastKnownFileType = sourcecode.c.objc; path = main.m; sourceTree = "<group>"; };
		CE7CCF241BCB905E002A0A50 /* AppDelegate.h */ = {isa = PBXFileReference; lastKnownFileType = sourcecode.c.h; path = AppDelegate.h; sourceTree = "<group>"; };
		CE7CCF251BCB905E002A0A50 /* AppDelegate.m */ = {isa = PBXFileReference; lastKnownFileType = sourcecode.c.objc; path = AppDelegate.m; sourceTree = "<group>"; };
		CE7CCF271BCB905E002A0A50 /* ViewController.h */ = {isa = PBXFileReference; lastKnownFileType = sourcecode.c.h; path = ViewController.h; sourceTree = "<group>"; };
		CE7CCF281BCB905E002A0A50 /* ViewController.m */ = {isa = PBXFileReference; lastKnownFileType = sourcecode.c.objc; path = ViewController.m; sourceTree = "<group>"; };
		CE7CCF2B1BCB905E002A0A50 /* Base */ = {isa = PBXFileReference; lastKnownFileType = file.storyboard; name = Base; path = Base.lproj/Main.storyboard; sourceTree = "<group>"; };
		CE7CCF2D1BCB905E002A0A50 /* Assets.xcassets */ = {isa = PBXFileReference; lastKnownFileType = folder.assetcatalog; path = Assets.xcassets; sourceTree = "<group>"; };
		CE7CCF301BCB905E002A0A50 /* Base */ = {isa = PBXFileReference; lastKnownFileType = file.storyboard; name = Base; path = Base.lproj/LaunchScreen.storyboard; sourceTree = "<group>"; };
		CE7CCF321BCB905E002A0A50 /* Info.plist */ = {isa = PBXFileReference; lastKnownFileType = text.plist.xml; path = Info.plist; sourceTree = "<group>"; };
		CE7CCF371BCB905E002A0A50 /* NPTableViewTests.xctest */ = {isa = PBXFileReference; explicitFileType = wrapper.cfbundle; includeInIndex = 0; path = NPTableViewTests.xctest; sourceTree = BUILT_PRODUCTS_DIR; };
		CE7CCF3B1BCB905E002A0A50 /* NPTableViewTests.m */ = {isa = PBXFileReference; lastKnownFileType = sourcecode.c.objc; path = NPTableViewTests.m; sourceTree = "<group>"; };
		CE7CCF3D1BCB905E002A0A50 /* Info.plist */ = {isa = PBXFileReference; lastKnownFileType = text.plist.xml; path = Info.plist; sourceTree = "<group>"; };
		CE7CCF421BCB905E002A0A50 /* NPTableViewUITests.xctest */ = {isa = PBXFileReference; explicitFileType = wrapper.cfbundle; includeInIndex = 0; path = NPTableViewUITests.xctest; sourceTree = BUILT_PRODUCTS_DIR; };
		CE7CCF461BCB905E002A0A50 /* NPTableViewUITests.m */ = {isa = PBXFileReference; lastKnownFileType = sourcecode.c.objc; path = NPTableViewUITests.m; sourceTree = "<group>"; };
		CE7CCF481BCB905E002A0A50 /* Info.plist */ = {isa = PBXFileReference; lastKnownFileType = text.plist.xml; path = Info.plist; sourceTree = "<group>"; };
		CE7CCF551BCB90AF002A0A50 /* NPTableView.h */ = {isa = PBXFileReference; fileEncoding = 4; lastKnownFileType = sourcecode.c.h; path = NPTableView.h; sourceTree = "<group>"; };
		CE7CCF561BCB90AF002A0A50 /* NPTableView.m */ = {isa = PBXFileReference; fileEncoding = 4; lastKnownFileType = sourcecode.c.objc; path = NPTableView.m; sourceTree = "<group>"; };
		CE7CCF5C1BCB9787002A0A50 /* NPTableCellView.h */ = {isa = PBXFileReference; fileEncoding = 4; lastKnownFileType = sourcecode.c.h; path = NPTableCellView.h; sourceTree = "<group>"; };
		CE7CCF5D1BCB9787002A0A50 /* NPTableCellView.m */ = {isa = PBXFileReference; fileEncoding = 4; lastKnownFileType = sourcecode.c.objc; path = NPTableCellView.m; sourceTree = "<group>"; };
/* End PBXFileReference section */

/* Begin PBXFrameworksBuildPhase section */
		CE7CCF1B1BCB905E002A0A50 /* Frameworks */ = {
			isa = PBXFrameworksBuildPhase;
			buildActionMask = 2147483647;
			files = (
			);
			runOnlyForDeploymentPostprocessing = 0;
		};
		CE7CCF341BCB905E002A0A50 /* Frameworks */ = {
			isa = PBXFrameworksBuildPhase;
			buildActionMask = 2147483647;
			files = (
			);
			runOnlyForDeploymentPostprocessing = 0;
		};
		CE7CCF3F1BCB905E002A0A50 /* Frameworks */ = {
			isa = PBXFrameworksBuildPhase;
			buildActionMask = 2147483647;
			files = (
			);
			runOnlyForDeploymentPostprocessing = 0;
		};
/* End PBXFrameworksBuildPhase section */

/* Begin PBXGroup section */
		CE7CCF151BCB905E002A0A50 = {
			isa = PBXGroup;
			children = (
				CE7CCF201BCB905E002A0A50 /* NPTableView */,
				CE7CCF3A1BCB905E002A0A50 /* NPTableViewTests */,
				CE7CCF451BCB905E002A0A50 /* NPTableViewUITests */,
				CE7CCF1F1BCB905E002A0A50 /* Products */,
			);
			sourceTree = "<group>";
		};
		CE7CCF1F1BCB905E002A0A50 /* Products */ = {
			isa = PBXGroup;
			children = (
				CE7CCF1E1BCB905E002A0A50 /* NPTableView.app */,
				CE7CCF371BCB905E002A0A50 /* NPTableViewTests.xctest */,
				CE7CCF421BCB905E002A0A50 /* NPTableViewUITests.xctest */,
			);
			name = Products;
			sourceTree = "<group>";
		};
		CE7CCF201BCB905E002A0A50 /* NPTableView */ = {
			isa = PBXGroup;
			children = (
				CE7CCF541BCB9090002A0A50 /* NPTabelView */,
				CE7CCF241BCB905E002A0A50 /* AppDelegate.h */,
				CE7CCF251BCB905E002A0A50 /* AppDelegate.m */,
				CE7CCF271BCB905E002A0A50 /* ViewController.h */,
				CE7CCF281BCB905E002A0A50 /* ViewController.m */,
				CE6BDCD31BCCAE03009183E8 /* ShoppingItemCell.h */,
				CE6BDCD41BCCAE03009183E8 /* ShoppingItemCell.m */,
				CE6BDCD61BCCEF4A009183E8 /* ShoppingItemCell.xib */,
				CE6BDCD01BCCA9D4009183E8 /* ShoppingItem.h */,
				CE6BDCD11BCCA9D4009183E8 /* ShoppingItem.m */,
				CE7CCF2A1BCB905E002A0A50 /* Main.storyboard */,
				CE7CCF2D1BCB905E002A0A50 /* Assets.xcassets */,
				CE7CCF2F1BCB905E002A0A50 /* LaunchScreen.storyboard */,
				CE7CCF321BCB905E002A0A50 /* Info.plist */,
				CE7CCF211BCB905E002A0A50 /* Supporting Files */,
			);
			path = NPTableView;
			sourceTree = "<group>";
		};
		CE7CCF211BCB905E002A0A50 /* Supporting Files */ = {
			isa = PBXGroup;
			children = (
				CE7CCF221BCB905E002A0A50 /* main.m */,
			);
			name = "Supporting Files";
			sourceTree = "<group>";
		};
		CE7CCF3A1BCB905E002A0A50 /* NPTableViewTests */ = {
			isa = PBXGroup;
			children = (
				CE7CCF3B1BCB905E002A0A50 /* NPTableViewTests.m */,
				CE7CCF3D1BCB905E002A0A50 /* Info.plist */,
			);
			path = NPTableViewTests;
			sourceTree = "<group>";
		};
		CE7CCF451BCB905E002A0A50 /* NPTableViewUITests */ = {
			isa = PBXGroup;
			children = (
				CE7CCF461BCB905E002A0A50 /* NPTableViewUITests.m */,
				CE7CCF481BCB905E002A0A50 /* Info.plist */,
			);
			path = NPTableViewUITests;
			sourceTree = "<group>";
		};
		CE7CCF541BCB9090002A0A50 /* NPTabelView */ = {
			isa = PBXGroup;
			children = (
				CE7CCF551BCB90AF002A0A50 /* NPTableView.h */,
				CE7CCF561BCB90AF002A0A50 /* NPTableView.m */,
				CE7CCF5C1BCB9787002A0A50 /* NPTableCellView.h */,
				CE7CCF5D1BCB9787002A0A50 /* NPTableCellView.m */,
				CE6BDCD81BCD05B1009183E8 /* NPTableCellView.xib */,
			);
			name = NPTabelView;
			sourceTree = "<group>";
		};
/* End PBXGroup section */

/* Begin PBXNativeTarget section */
		CE7CCF1D1BCB905E002A0A50 /* NPTableView */ = {
			isa = PBXNativeTarget;
			buildConfigurationList = CE7CCF4B1BCB905E002A0A50 /* Build configuration list for PBXNativeTarget "NPTableView" */;
			buildPhases = (
				CE7CCF1A1BCB905E002A0A50 /* Sources */,
				CE7CCF1B1BCB905E002A0A50 /* Frameworks */,
				CE7CCF1C1BCB905E002A0A50 /* Resources */,
			);
			buildRules = (
			);
			dependencies = (
			);
			name = NPTableView;
			productName = NPTableView;
			productReference = CE7CCF1E1BCB905E002A0A50 /* NPTableView.app */;
			productType = "com.apple.product-type.application";
		};
		CE7CCF361BCB905E002A0A50 /* NPTableViewTests */ = {
			isa = PBXNativeTarget;
			buildConfigurationList = CE7CCF4E1BCB905E002A0A50 /* Build configuration list for PBXNativeTarget "NPTableViewTests" */;
			buildPhases = (
				CE7CCF331BCB905E002A0A50 /* Sources */,
				CE7CCF341BCB905E002A0A50 /* Frameworks */,
				CE7CCF351BCB905E002A0A50 /* Resources */,
			);
			buildRules = (
			);
			dependencies = (
				CE7CCF391BCB905E002A0A50 /* PBXTargetDependency */,
			);
			name = NPTableViewTests;
			productName = NPTableViewTests;
			productReference = CE7CCF371BCB905E002A0A50 /* NPTableViewTests.xctest */;
			productType = "com.apple.product-type.bundle.unit-test";
		};
		CE7CCF411BCB905E002A0A50 /* NPTableViewUITests */ = {
			isa = PBXNativeTarget;
			buildConfigurationList = CE7CCF511BCB905E002A0A50 /* Build configuration list for PBXNativeTarget "NPTableViewUITests" */;
			buildPhases = (
				CE7CCF3E1BCB905E002A0A50 /* Sources */,
				CE7CCF3F1BCB905E002A0A50 /* Frameworks */,
				CE7CCF401BCB905E002A0A50 /* Resources */,
			);
			buildRules = (
			);
			dependencies = (
				CE7CCF441BCB905E002A0A50 /* PBXTargetDependency */,
			);
			name = NPTableViewUITests;
			productName = NPTableViewUITests;
			productReference = CE7CCF421BCB905E002A0A50 /* NPTableViewUITests.xctest */;
			productType = "com.apple.product-type.bundle.ui-testing";
		};
/* End PBXNativeTarget section */

/* Begin PBXProject section */
		CE7CCF161BCB905E002A0A50 /* Project object */ = {
			isa = PBXProject;
			attributes = {
				LastUpgradeCheck = 0700;
				ORGANIZATIONNAME = ArcTech;
				TargetAttributes = {
					CE7CCF1D1BCB905E002A0A50 = {
						CreatedOnToolsVersion = 7.0.1;
					};
					CE7CCF361BCB905E002A0A50 = {
						CreatedOnToolsVersion = 7.0.1;
						TestTargetID = CE7CCF1D1BCB905E002A0A50;
					};
					CE7CCF411BCB905E002A0A50 = {
						CreatedOnToolsVersion = 7.0.1;
						TestTargetID = CE7CCF1D1BCB905E002A0A50;
					};
				};
			};
			buildConfigurationList = CE7CCF191BCB905E002A0A50 /* Build configuration list for PBXProject "NPTableView" */;
			compatibilityVersion = "Xcode 3.2";
			developmentRegion = English;
			hasScannedForEncodings = 0;
			knownRegions = (
				en,
				Base,
			);
			mainGroup = CE7CCF151BCB905E002A0A50;
			productRefGroup = CE7CCF1F1BCB905E002A0A50 /* Products */;
			projectDirPath = "";
			projectRoot = "";
			targets = (
				CE7CCF1D1BCB905E002A0A50 /* NPTableView */,
				CE7CCF361BCB905E002A0A50 /* NPTableViewTests */,
				CE7CCF411BCB905E002A0A50 /* NPTableViewUITests */,
			);
		};
/* End PBXProject section */

/* Begin PBXResourcesBuildPhase section */
		CE7CCF1C1BCB905E002A0A50 /* Resources */ = {
			isa = PBXResourcesBuildPhase;
			buildActionMask = 2147483647;
			files = (
				CE6BDCD91BCD05B1009183E8 /* NPTableCellView.xib in Resources */,
				CE6BDCD71BCCEF4A009183E8 /* ShoppingItemCell.xib in Resources */,
				CE7CCF311BCB905E002A0A50 /* LaunchScreen.storyboard in Resources */,
				CE7CCF2E1BCB905E002A0A50 /* Assets.xcassets in Resources */,
				CE7CCF2C1BCB905E002A0A50 /* Main.storyboard in Resources */,
			);
			runOnlyForDeploymentPostprocessing = 0;
		};
		CE7CCF351BCB905E002A0A50 /* Resources */ = {
			isa = PBXResourcesBuildPhase;
			buildActionMask = 2147483647;
			files = (
			);
			runOnlyForDeploymentPostprocessing = 0;
		};
		CE7CCF401BCB905E002A0A50 /* Resources */ = {
			isa = PBXResourcesBuildPhase;
			buildActionMask = 2147483647;
			files = (
			);
			runOnlyForDeploymentPostprocessing = 0;
		};
/* End PBXResourcesBuildPhase section */

/* Begin PBXSourcesBuildPhase section */
		CE7CCF1A1BCB905E002A0A50 /* Sources */ = {
			isa = PBXSourcesBuildPhase;
			buildActionMask = 2147483647;
			files = (
				CE7CCF291BCB905E002A0A50 /* ViewController.m in Sources */,
				CE7CCF571BCB90AF002A0A50 /* NPTableView.m in Sources */,
				CE7CCF261BCB905E002A0A50 /* AppDelegate.m in Sources */,
				CE6BDCD51BCCAE03009183E8 /* ShoppingItemCell.m in Sources */,
				CE7CCF231BCB905E002A0A50 /* main.m in Sources */,
				CE6BDCD21BCCA9D4009183E8 /* ShoppingItem.m in Sources */,
				CE7CCF5E1BCB9787002A0A50 /* NPTableCellView.m in Sources */,
			);
			runOnlyForDeploymentPostprocessing = 0;
		};
		CE7CCF331BCB905E002A0A50 /* Sources */ = {
			isa = PBXSourcesBuildPhase;
			buildActionMask = 2147483647;
			files = (
				CE7CCF3C1BCB905E002A0A50 /* NPTableViewTests.m in Sources */,
			);
			runOnlyForDeploymentPostprocessing = 0;
		};
		CE7CCF3E1BCB905E002A0A50 /* Sources */ = {
			isa = PBXSourcesBuildPhase;
			buildActionMask = 2147483647;
			files = (
				CE7CCF471BCB905E002A0A50 /* NPTableViewUITests.m in Sources */,
			);
			runOnlyForDeploymentPostprocessing = 0;
		};
/* End PBXSourcesBuildPhase section */

/* Begin PBXTargetDependency section */
		CE7CCF391BCB905E002A0A50 /* PBXTargetDependency */ = {
			isa = PBXTargetDependency;
			target = CE7CCF1D1BCB905E002A0A50 /* NPTableView */;
			targetProxy = CE7CCF381BCB905E002A0A50 /* PBXContainerItemProxy */;
		};
		CE7CCF441BCB905E002A0A50 /* PBXTargetDependency */ = {
			isa = PBXTargetDependency;
			target = CE7CCF1D1BCB905E002A0A50 /* NPTableView */;
			targetProxy = CE7CCF431BCB905E002A0A50 /* PBXContainerItemProxy */;
		};
/* End PBXTargetDependency section */

/* Begin PBXVariantGroup section */
		CE7CCF2A1BCB905E002A0A50 /* Main.storyboard */ = {
			isa = PBXVariantGroup;
			children = (
				CE7CCF2B1BCB905E002A0A50 /* Base */,
			);
			name = Main.storyboard;
			sourceTree = "<group>";
		};
		CE7CCF2F1BCB905E002A0A50 /* LaunchScreen.storyboard */ = {
			isa = PBXVariantGroup;
			children = (
				CE7CCF301BCB905E002A0A50 /* Base */,
			);
			name = LaunchScreen.storyboard;
			sourceTree = "<group>";
		};
/* End PBXVariantGroup section */

/* Begin XCBuildConfiguration section */
		CE7CCF491BCB905E002A0A50 /* Debug */ = {
			isa = XCBuildConfiguration;
			buildSettings = {
				ALWAYS_SEARCH_USER_PATHS = NO;
				CLANG_CXX_LANGUAGE_STANDARD = "gnu++0x";
				CLANG_CXX_LIBRARY = "libc++";
				CLANG_ENABLE_MODULES = YES;
				CLANG_ENABLE_OBJC_ARC = YES;
				CLANG_WARN_BOOL_CONVERSION = YES;
				CLANG_WARN_CONSTANT_CONVERSION = YES;
				CLANG_WARN_DIRECT_OBJC_ISA_USAGE = YES_ERROR;
				CLANG_WARN_EMPTY_BODY = YES;
				CLANG_WARN_ENUM_CONVERSION = YES;
				CLANG_WARN_INT_CONVERSION = YES;
				CLANG_WARN_OBJC_ROOT_CLASS = YES_ERROR;
				CLANG_WARN_UNREACHABLE_CODE = YES;
				CLANG_WARN__DUPLICATE_METHOD_MATCH = YES;
				"CODE_SIGN_IDENTITY[sdk=iphoneos*]" = "iPhone Developer";
				COPY_PHASE_STRIP = NO;
				DEBUG_INFORMATION_FORMAT = dwarf;
				ENABLE_STRICT_OBJC_MSGSEND = YES;
				ENABLE_TESTABILITY = YES;
				GCC_C_LANGUAGE_STANDARD = gnu99;
				GCC_DYNAMIC_NO_PIC = NO;
				GCC_NO_COMMON_BLOCKS = YES;
				GCC_OPTIMIZATION_LEVEL = 0;
				GCC_PREPROCESSOR_DEFINITIONS = (
					"DEBUG=1",
					"$(inherited)",
				);
				GCC_WARN_64_TO_32_BIT_CONVERSION = YES;
				GCC_WARN_ABOUT_RETURN_TYPE = YES_ERROR;
				GCC_WARN_UNDECLARED_SELECTOR = YES;
				GCC_WARN_UNINITIALIZED_AUTOS = YES_AGGRESSIVE;
				GCC_WARN_UNUSED_FUNCTION = YES;
				GCC_WARN_UNUSED_VARIABLE = YES;
				IPHONEOS_DEPLOYMENT_TARGET = 9.0;
				MTL_ENABLE_DEBUG_INFO = YES;
				ONLY_ACTIVE_ARCH = YES;
				SDKROOT = iphoneos;
				TARGETED_DEVICE_FAMILY = "1,2";
			};
			name = Debug;
		};
		CE7CCF4A1BCB905E002A0A50 /* Release */ = {
			isa = XCBuildConfiguration;
			buildSettings = {
				ALWAYS_SEARCH_USER_PATHS = NO;
				CLANG_CXX_LANGUAGE_STANDARD = "gnu++0x";
				CLANG_CXX_LIBRARY = "libc++";
				CLANG_ENABLE_MODULES = YES;
				CLANG_ENABLE_OBJC_ARC = YES;
				CLANG_WARN_BOOL_CONVERSION = YES;
				CLANG_WARN_CONSTANT_CONVERSION = YES;
				CLANG_WARN_DIRECT_OBJC_ISA_USAGE = YES_ERROR;
				CLANG_WARN_EMPTY_BODY = YES;
				CLANG_WARN_ENUM_CONVERSION = YES;
				CLANG_WARN_INT_CONVERSION = YES;
				CLANG_WARN_OBJC_ROOT_CLASS = YES_ERROR;
				CLANG_WARN_UNREACHABLE_CODE = YES;
				CLANG_WARN__DUPLICATE_METHOD_MATCH = YES;
				"CODE_SIGN_IDENTITY[sdk=iphoneos*]" = "iPhone Developer";
				COPY_PHASE_STRIP = NO;
				DEBUG_INFORMATION_FORMAT = "dwarf-with-dsym";
				ENABLE_NS_ASSERTIONS = NO;
				ENABLE_STRICT_OBJC_MSGSEND = YES;
				GCC_C_LANGUAGE_STANDARD = gnu99;
				GCC_NO_COMMON_BLOCKS = YES;
				GCC_WARN_64_TO_32_BIT_CONVERSION = YES;
				GCC_WARN_ABOUT_RETURN_TYPE = YES_ERROR;
				GCC_WARN_UNDECLARED_SELECTOR = YES;
				GCC_WARN_UNINITIALIZED_AUTOS = YES_AGGRESSIVE;
				GCC_WARN_UNUSED_FUNCTION = YES;
				GCC_WARN_UNUSED_VARIABLE = YES;
				IPHONEOS_DEPLOYMENT_TARGET = 9.0;
				MTL_ENABLE_DEBUG_INFO = NO;
				SDKROOT = iphoneos;
				TARGETED_DEVICE_FAMILY = "1,2";
				VALIDATE_PRODUCT = YES;
			};
			name = Release;
		};
		CE7CCF4C1BCB905E002A0A50 /* Debug */ = {
			isa = XCBuildConfiguration;
			buildSettings = {
				ASSETCATALOG_COMPILER_APPICON_NAME = AppIcon;
				INFOPLIST_FILE = NPTableView/Info.plist;
				LD_RUNPATH_SEARCH_PATHS = "$(inherited) @executable_path/Frameworks";
				PRODUCT_BUNDLE_IDENTIFIER = ArcTech.NPTableView;
				PRODUCT_NAME = "$(TARGET_NAME)";
			};
			name = Debug;
		};
		CE7CCF4D1BCB905E002A0A50 /* Release */ = {
			isa = XCBuildConfiguration;
			buildSettings = {
				ASSETCATALOG_COMPILER_APPICON_NAME = AppIcon;
				INFOPLIST_FILE = NPTableView/Info.plist;
				LD_RUNPATH_SEARCH_PATHS = "$(inherited) @executable_path/Frameworks";
				PRODUCT_BUNDLE_IDENTIFIER = ArcTech.NPTableView;
				PRODUCT_NAME = "$(TARGET_NAME)";
			};
			name = Release;
		};
		CE7CCF4F1BCB905E002A0A50 /* Debug */ = {
			isa = XCBuildConfiguration;
			buildSettings = {
				BUNDLE_LOADER = "$(TEST_HOST)";
				INFOPLIST_FILE = NPTableViewTests/Info.plist;
				LD_RUNPATH_SEARCH_PATHS = "$(inherited) @executable_path/Frameworks @loader_path/Frameworks";
				PRODUCT_BUNDLE_IDENTIFIER = ArcTech.NPTableViewTests;
				PRODUCT_NAME = "$(TARGET_NAME)";
				TEST_HOST = "$(BUILT_PRODUCTS_DIR)/NPTableView.app/NPTableView";
			};
			name = Debug;
		};
		CE7CCF501BCB905E002A0A50 /* Release */ = {
			isa = XCBuildConfiguration;
			buildSettings = {
				BUNDLE_LOADER = "$(TEST_HOST)";
				INFOPLIST_FILE = NPTableViewTests/Info.plist;
				LD_RUNPATH_SEARCH_PATHS = "$(inherited) @executable_path/Frameworks @loader_path/Frameworks";
				PRODUCT_BUNDLE_IDENTIFIER = ArcTech.NPTableViewTests;
				PRODUCT_NAME = "$(TARGET_NAME)";
				TEST_HOST = "$(BUILT_PRODUCTS_DIR)/NPTableView.app/NPTableView";
			};
			name = Release;
		};
		CE7CCF521BCB905E002A0A50 /* Debug */ = {
			isa = XCBuildConfiguration;
			buildSettings = {
				INFOPLIST_FILE = NPTableViewUITests/Info.plist;
				LD_RUNPATH_SEARCH_PATHS = "$(inherited) @executable_path/Frameworks @loader_path/Frameworks";
				PRODUCT_BUNDLE_IDENTIFIER = ArcTech.NPTableViewUITests;
				PRODUCT_NAME = "$(TARGET_NAME)";
				TEST_TARGET_NAME = NPTableView;
				USES_XCTRUNNER = YES;
			};
			name = Debug;
		};
		CE7CCF531BCB905E002A0A50 /* Release */ = {
			isa = XCBuildConfiguration;
			buildSettings = {
				INFOPLIST_FILE = NPTableViewUITests/Info.plist;
				LD_RUNPATH_SEARCH_PATHS = "$(inherited) @executable_path/Frameworks @loader_path/Frameworks";
				PRODUCT_BUNDLE_IDENTIFIER = ArcTech.NPTableViewUITests;
				PRODUCT_NAME = "$(TARGET_NAME)";
				TEST_TARGET_NAME = NPTableView;
				USES_XCTRUNNER = YES;
			};
			name = Release;
		};
/* End XCBuildConfiguration section */

/* Begin XCConfigurationList section */
		CE7CCF191BCB905E002A0A50 /* Build configuration list for PBXProject "NPTableView" */ = {
			isa = XCConfigurationList;
			buildConfigurations = (
				CE7CCF491BCB905E002A0A50 /* Debug */,
				CE7CCF4A1BCB905E002A0A50 /* Release */,
			);
			defaultConfigurationIsVisible = 0;
			defaultConfigurationName = Release;
		};
		CE7CCF4B1BCB905E002A0A50 /* Build configuration list for PBXNativeTarget "NPTableView" */ = {
			isa = XCConfigurationList;
			buildConfigurations = (
				CE7CCF4C1BCB905E002A0A50 /* Debug */,
				CE7CCF4D1BCB905E002A0A50 /* Release */,
			);
			defaultConfigurationIsVisible = 0;
			defaultConfigurationName = Release;
		};
		CE7CCF4E1BCB905E002A0A50 /* Build configuration list for PBXNativeTarget "NPTableViewTests" */ = {
			isa = XCConfigurationList;
			buildConfigurations = (
				CE7CCF4F1BCB905E002A0A50 /* Debug */,
				CE7CCF501BCB905E002A0A50 /* Release */,
			);
			defaultConfigurationIsVisible = 0;
			defaultConfigurationName = Release;
		};
		CE7CCF511BCB905E002A0A50 /* Build configuration list for PBXNativeTarget "NPTableViewUITests" */ = {
			isa = XCConfigurationList;
			buildConfigurations = (
				CE7CCF521BCB905E002A0A50 /* Debug */,
				CE7CCF531BCB905E002A0A50 /* Release */,
			);
			defaultConfigurationIsVisible = 0;
			defaultConfigurationName = Release;
		};
/* End XCConfigurationList section */
	};
	rootObject = CE7CCF161BCB905E002A0A50 /* Project object */;
}
